// !$*UTF8*$!
{
	archiveVersion = 1;
	classes = {
	};
	objectVersion = 55;
	objects = {

/* Begin PBXBuildFile section */
		C356E0D2274A4BA800923566 /* AppDelegate.swift in Sources */ = {isa = PBXBuildFile; fileRef = C356E0D1274A4BA800923566 /* AppDelegate.swift */; };
		C356E0D4274A4BA800923566 /* SceneDelegate.swift in Sources */ = {isa = PBXBuildFile; fileRef = C356E0D3274A4BA800923566 /* SceneDelegate.swift */; };
		C356E0D6274A4BA800923566 /* ViewController.swift in Sources */ = {isa = PBXBuildFile; fileRef = C356E0D5274A4BA800923566 /* ViewController.swift */; };
		C356E0D9274A4BA800923566 /* Main.storyboard in Resources */ = {isa = PBXBuildFile; fileRef = C356E0D7274A4BA800923566 /* Main.storyboard */; };
		C356E0DC274A4BA800923566 /* TourismPlace.xcdatamodeld in Sources */ = {isa = PBXBuildFile; fileRef = C356E0DA274A4BA800923566 /* TourismPlace.xcdatamodeld */; };
		C356E0DE274A4BAC00923566 /* Assets.xcassets in Resources */ = {isa = PBXBuildFile; fileRef = C356E0DD274A4BAC00923566 /* Assets.xcassets */; };
		C356E0E1274A4BAC00923566 /* LaunchScreen.storyboard in Resources */ = {isa = PBXBuildFile; fileRef = C356E0DF274A4BAC00923566 /* LaunchScreen.storyboard */; };
		C356E0EE274A4D8C00923566 /* Places+CoreDataClass.swift in Sources */ = {isa = PBXBuildFile; fileRef = C356E0E8274A4D8C00923566 /* Places+CoreDataClass.swift */; };
		C356E0EF274A4D8C00923566 /* Places+CoreDataProperties.swift in Sources */ = {isa = PBXBuildFile; fileRef = C356E0E9274A4D8C00923566 /* Places+CoreDataProperties.swift */; };
		C356E0F0274A4D8C00923566 /* UserList+CoreDataClass.swift in Sources */ = {isa = PBXBuildFile; fileRef = C356E0EA274A4D8C00923566 /* UserList+CoreDataClass.swift */; };
		C356E0F1274A4D8C00923566 /* UserList+CoreDataProperties.swift in Sources */ = {isa = PBXBuildFile; fileRef = C356E0EB274A4D8C00923566 /* UserList+CoreDataProperties.swift */; };
		C356E0F6274A4E2A00923566 /* Registers+CoreDataClass.swift in Sources */ = {isa = PBXBuildFile; fileRef = C356E0F4274A4E2A00923566 /* Registers+CoreDataClass.swift */; };
		C356E0F7274A4E2A00923566 /* Registers+CoreDataProperties.swift in Sources */ = {isa = PBXBuildFile; fileRef = C356E0F5274A4E2A00923566 /* Registers+CoreDataProperties.swift */; };
		C356E0F9274A52ED00923566 /* Home Page.swift in Sources */ = {isa = PBXBuildFile; fileRef = C356E0F8274A52ED00923566 /* Home Page.swift */; };
		C356E0FB274A5D9500923566 /* imagesCell.swift in Sources */ = {isa = PBXBuildFile; fileRef = C356E0FA274A5D9500923566 /* imagesCell.swift */; };
/* End PBXBuildFile section */

/* Begin PBXFileReference section */
		C356E0CE274A4BA800923566 /* TourismPlace.app */ = {isa = PBXFileReference; explicitFileType = wrapper.application; includeInIndex = 0; path = TourismPlace.app; sourceTree = BUILT_PRODUCTS_DIR; };
		C356E0D1274A4BA800923566 /* AppDelegate.swift */ = {isa = PBXFileReference; lastKnownFileType = sourcecode.swift; path = AppDelegate.swift; sourceTree = "<group>"; };
		C356E0D3274A4BA800923566 /* SceneDelegate.swift */ = {isa = PBXFileReference; lastKnownFileType = sourcecode.swift; path = SceneDelegate.swift; sourceTree = "<group>"; };
		C356E0D5274A4BA800923566 /* ViewController.swift */ = {isa = PBXFileReference; lastKnownFileType = sourcecode.swift; path = ViewController.swift; sourceTree = "<group>"; };
		C356E0D8274A4BA800923566 /* Base */ = {isa = PBXFileReference; lastKnownFileType = file.storyboard; name = Base; path = Base.lproj/Main.storyboard; sourceTree = "<group>"; };
		C356E0DB274A4BA800923566 /* TourismPlace.xcdatamodel */ = {isa = PBXFileReference; lastKnownFileType = wrapper.xcdatamodel; path = TourismPlace.xcdatamodel; sourceTree = "<group>"; };
		C356E0DD274A4BAC00923566 /* Assets.xcassets */ = {isa = PBXFileReference; lastKnownFileType = folder.assetcatalog; path = Assets.xcassets; sourceTree = "<group>"; };
		C356E0E0274A4BAC00923566 /* Base */ = {isa = PBXFileReference; lastKnownFileType = file.storyboard; name = Base; path = Base.lproj/LaunchScreen.storyboard; sourceTree = "<group>"; };
		C356E0E2274A4BAC00923566 /* Info.plist */ = {isa = PBXFileReference; lastKnownFileType = text.plist.xml; path = Info.plist; sourceTree = "<group>"; };
		C356E0E8274A4D8C00923566 /* Places+CoreDataClass.swift */ = {isa = PBXFileReference; lastKnownFileType = sourcecode.swift; path = "Places+CoreDataClass.swift"; sourceTree = "<group>"; };
		C356E0E9274A4D8C00923566 /* Places+CoreDataProperties.swift */ = {isa = PBXFileReference; lastKnownFileType = sourcecode.swift; path = "Places+CoreDataProperties.swift"; sourceTree = "<group>"; };
		C356E0EA274A4D8C00923566 /* UserList+CoreDataClass.swift */ = {isa = PBXFileReference; lastKnownFileType = sourcecode.swift; path = "UserList+CoreDataClass.swift"; sourceTree = "<group>"; };
		C356E0EB274A4D8C00923566 /* UserList+CoreDataProperties.swift */ = {isa = PBXFileReference; lastKnownFileType = sourcecode.swift; path = "UserList+CoreDataProperties.swift"; sourceTree = "<group>"; };
		C356E0F4274A4E2A00923566 /* Registers+CoreDataClass.swift */ = {isa = PBXFileReference; lastKnownFileType = sourcecode.swift; path = "Registers+CoreDataClass.swift"; sourceTree = "<group>"; };
		C356E0F5274A4E2A00923566 /* Registers+CoreDataProperties.swift */ = {isa = PBXFileReference; lastKnownFileType = sourcecode.swift; path = "Registers+CoreDataProperties.swift"; sourceTree = "<group>"; };
		C356E0F8274A52ED00923566 /* Home Page.swift */ = {isa = PBXFileReference; lastKnownFileType = sourcecode.swift; path = "Home Page.swift"; sourceTree = "<group>"; };
		C356E0FA274A5D9500923566 /* imagesCell.swift */ = {isa = PBXFileReference; lastKnownFileType = sourcecode.swift; path = imagesCell.swift; sourceTree = "<group>"; };
/* End PBXFileReference section */

/* Begin PBXFrameworksBuildPhase section */
		C356E0CB274A4BA800923566 /* Frameworks */ = {
			isa = PBXFrameworksBuildPhase;
			buildActionMask = 2147483647;
			files = (
			);
			runOnlyForDeploymentPostprocessing = 0;
		};
/* End PBXFrameworksBuildPhase section */

/* Begin PBXGroup section */
		C356E0C5274A4BA800923566 = {
			isa = PBXGroup;
			children = (
				C356E0F4274A4E2A00923566 /* Registers+CoreDataClass.swift */,
				C356E0F5274A4E2A00923566 /* Registers+CoreDataProperties.swift */,
				C356E0E8274A4D8C00923566 /* Places+CoreDataClass.swift */,
				C356E0E9274A4D8C00923566 /* Places+CoreDataProperties.swift */,
				C356E0EA274A4D8C00923566 /* UserList+CoreDataClass.swift */,
				C356E0EB274A4D8C00923566 /* UserList+CoreDataProperties.swift */,
				C356E0D0274A4BA800923566 /* TourismPlace */,
				C356E0CF274A4BA800923566 /* Products */,
			);
			sourceTree = "<group>";
		};
		C356E0CF274A4BA800923566 /* Products */ = {
			isa = PBXGroup;
			children = (
				C356E0CE274A4BA800923566 /* TourismPlace.app */,
			);
			name = Products;
			sourceTree = "<group>";
		};
		C356E0D0274A4BA800923566 /* TourismPlace */ = {
			isa = PBXGroup;
			children = (
				C356E0D1274A4BA800923566 /* AppDelegate.swift */,
				C356E0D3274A4BA800923566 /* SceneDelegate.swift */,
				C356E0D5274A4BA800923566 /* ViewController.swift */,
				C356E0D7274A4BA800923566 /* Main.storyboard */,
				C356E0DD274A4BAC00923566 /* Assets.xcassets */,
				C356E0DF274A4BAC00923566 /* LaunchScreen.storyboard */,
				C356E0E2274A4BAC00923566 /* Info.plist */,
				C356E0DA274A4BA800923566 /* TourismPlace.xcdatamodeld */,
				C356E0F8274A52ED00923566 /* Home Page.swift */,
				C356E0FA274A5D9500923566 /* imagesCell.swift */,
			);
			path = TourismPlace;
			sourceTree = "<group>";
		};
/* End PBXGroup section */

/* Begin PBXNativeTarget section */
		C356E0CD274A4BA800923566 /* TourismPlace */ = {
			isa = PBXNativeTarget;
			buildConfigurationList = C356E0E5274A4BAC00923566 /* Build configuration list for PBXNativeTarget "TourismPlace" */;
			buildPhases = (
				C356E0CA274A4BA800923566 /* Sources */,
				C356E0CB274A4BA800923566 /* Frameworks */,
				C356E0CC274A4BA800923566 /* Resources */,
			);
			buildRules = (
			);
			dependencies = (
			);
			name = TourismPlace;
			productName = TourismPlace;
			productReference = C356E0CE274A4BA800923566 /* TourismPlace.app */;
			productType = "com.apple.product-type.application";
		};
/* End PBXNativeTarget section */

/* Begin PBXProject section */
		C356E0C6274A4BA800923566 /* Project object */ = {
			isa = PBXProject;
			attributes = {
				BuildIndependentTargetsInParallel = 1;
				LastSwiftUpdateCheck = 1300;
				LastUpgradeCheck = 1300;
				TargetAttributes = {
					C356E0CD274A4BA800923566 = {
						CreatedOnToolsVersion = 13.0;
					};
				};
			};
			buildConfigurationList = C356E0C9274A4BA800923566 /* Build configuration list for PBXProject "TourismPlace" */;
			compatibilityVersion = "Xcode 13.0";
			developmentRegion = en;
			hasScannedForEncodings = 0;
			knownRegions = (
				en,
				Base,
			);
			mainGroup = C356E0C5274A4BA800923566;
			productRefGroup = C356E0CF274A4BA800923566 /* Products */;
			projectDirPath = "";
			projectRoot = "";
			targets = (
				C356E0CD274A4BA800923566 /* TourismPlace */,
			);
		};
/* End PBXProject section */

/* Begin PBXResourcesBuildPhase section */
		C356E0CC274A4BA800923566 /* Resources */ = {
			isa = PBXResourcesBuildPhase;
			buildActionMask = 2147483647;
			files = (
				C356E0E1274A4BAC00923566 /* LaunchScreen.storyboard in Resources */,
				C356E0DE274A4BAC00923566 /* Assets.xcassets in Resources */,
				C356E0D9274A4BA800923566 /* Main.storyboard in Resources */,
			);
			runOnlyForDeploymentPostprocessing = 0;
		};
/* End PBXResourcesBuildPhase section */

/* Begin PBXSourcesBuildPhase section */
		C356E0CA274A4BA800923566 /* Sources */ = {
			isa = PBXSourcesBuildPhase;
			buildActionMask = 2147483647;
			files = (
				C356E0F0274A4D8C00923566 /* UserList+CoreDataClass.swift in Sources */,
				C356E0FB274A5D9500923566 /* imagesCell.swift in Sources */,
				C356E0D6274A4BA800923566 /* ViewController.swift in Sources */,
				C356E0F7274A4E2A00923566 /* Registers+CoreDataProperties.swift in Sources */,
				C356E0DC274A4BA800923566 /* TourismPlace.xcdatamodeld in Sources */,
				C356E0D2274A4BA800923566 /* AppDelegate.swift in Sources */,
				C356E0EE274A4D8C00923566 /* Places+CoreDataClass.swift in Sources */,
				C356E0D4274A4BA800923566 /* SceneDelegate.swift in Sources */,
				C356E0F1274A4D8C00923566 /* UserList+CoreDataProperties.swift in Sources */,
				C356E0F9274A52ED00923566 /* Home Page.swift in Sources */,
				C356E0EF274A4D8C00923566 /* Places+CoreDataProperties.swift in Sources */,
				C356E0F6274A4E2A00923566 /* Registers+CoreDataClass.swift in Sources */,
			);
			runOnlyForDeploymentPostprocessing = 0;
		};
/* End PBXSourcesBuildPhase section */

/* Begin PBXVariantGroup section */
		C356E0D7274A4BA800923566 /* Main.storyboard */ = {
			isa = PBXVariantGroup;
			children = (
				C356E0D8274A4BA800923566 /* Base */,
			);
			name = Main.storyboard;
			sourceTree = "<group>";
		};
		C356E0DF274A4BAC00923566 /* LaunchScreen.storyboard */ = {
			isa = PBXVariantGroup;
			children = (
				C356E0E0274A4BAC00923566 /* Base */,
			);
			name = LaunchScreen.storyboard;
			sourceTree = "<group>";
		};
/* End PBXVariantGroup section */

/* Begin XCBuildConfiguration section */
		C356E0E3274A4BAC00923566 /* Debug */ = {
			isa = XCBuildConfiguration;
			buildSettings = {
				ALWAYS_SEARCH_USER_PATHS = NO;
				CLANG_ANALYZER_NONNULL = YES;
				CLANG_ANALYZER_NUMBER_OBJECT_CONVERSION = YES_AGGRESSIVE;
				CLANG_CXX_LANGUAGE_STANDARD = "gnu++17";
				CLANG_CXX_LIBRARY = "libc++";
				CLANG_ENABLE_MODULES = YES;
				CLANG_ENABLE_OBJC_ARC = YES;
				CLANG_ENABLE_OBJC_WEAK = YES;
				CLANG_WARN_BLOCK_CAPTURE_AUTORELEASING = YES;
				CLANG_WARN_BOOL_CONVERSION = YES;
				CLANG_WARN_COMMA = YES;
				CLANG_WARN_CONSTANT_CONVERSION = YES;
				CLANG_WARN_DEPRECATED_OBJC_IMPLEMENTATIONS = YES;
				CLANG_WARN_DIRECT_OBJC_ISA_USAGE = YES_ERROR;
				CLANG_WARN_DOCUMENTATION_COMMENTS = YES;
				CLANG_WARN_EMPTY_BODY = YES;
				CLANG_WARN_ENUM_CONVERSION = YES;
				CLANG_WARN_INFINITE_RECURSION = YES;
				CLANG_WARN_INT_CONVERSION = YES;
				CLANG_WARN_NON_LITERAL_NULL_CONVERSION = YES;
				CLANG_WARN_OBJC_IMPLICIT_RETAIN_SELF = YES;
				CLANG_WARN_OBJC_LITERAL_CONVERSION = YES;
				CLANG_WARN_OBJC_ROOT_CLASS = YES_ERROR;
				CLANG_WARN_QUOTED_INCLUDE_IN_FRAMEWORK_HEADER = YES;
				CLANG_WARN_RANGE_LOOP_ANALYSIS = YES;
				CLANG_WARN_STRICT_PROTOTYPES = YES;
				CLANG_WARN_SUSPICIOUS_MOVE = YES;
				CLANG_WARN_UNGUARDED_AVAILABILITY = YES_AGGRESSIVE;
				CLANG_WARN_UNREACHABLE_CODE = YES;
				CLANG_WARN__DUPLICATE_METHOD_MATCH = YES;
				COPY_PHASE_STRIP = NO;
				DEBUG_INFORMATION_FORMAT = dwarf;
				ENABLE_STRICT_OBJC_MSGSEND = YES;
				ENABLE_TESTABILITY = YES;
				GCC_C_LANGUAGE_STANDARD = gnu11;
				GCC_DYNAMIC_NO_PIC = NO;
				GCC_NO_COMMON_BLOCKS = YES;
				GCC_OPTIMIZATION_LEVEL = 0;
				GCC_PREPROCESSOR_DEFINITIONS = (
					"DEBUG=1",
					"$(inherited)",
				);
				GCC_WARN_64_TO_32_BIT_CONVERSION = YES;
				GCC_WARN_ABOUT_RETURN_TYPE = YES_ERROR;
				GCC_WARN_UNDECLARED_SELECTOR = YES;
				GCC_WARN_UNINITIALIZED_AUTOS = YES_AGGRESSIVE;
				GCC_WARN_UNUSED_FUNCTION = YES;
				GCC_WARN_UNUSED_VARIABLE = YES;
				IPHONEOS_DEPLOYMENT_TARGET = 15.0;
				MTL_ENABLE_DEBUG_INFO = INCLUDE_SOURCE;
				MTL_FAST_MATH = YES;
				ONLY_ACTIVE_ARCH = YES;
				SDKROOT = iphoneos;
				SWIFT_ACTIVE_COMPILATION_CONDITIONS = DEBUG;
				SWIFT_OPTIMIZATION_LEVEL = "-Onone";
			};
			name = Debug;
		};
		C356E0E4274A4BAC00923566 /* Release */ = {
			isa = XCBuildConfiguration;
			buildSettings = {
				ALWAYS_SEARCH_USER_PATHS = NO;
				CLANG_ANALYZER_NONNULL = YES;
				CLANG_ANALYZER_NUMBER_OBJECT_CONVERSION = YES_AGGRESSIVE;
				CLANG_CXX_LANGUAGE_STANDARD = "gnu++17";
				CLANG_CXX_LIBRARY = "libc++";
				CLANG_ENABLE_MODULES = YES;
				CLANG_ENABLE_OBJC_ARC = YES;
				CLANG_ENABLE_OBJC_WEAK = YES;
				CLANG_WARN_BLOCK_CAPTURE_AUTORELEASING = YES;
				CLANG_WARN_BOOL_CONVERSION = YES;
				CLANG_WARN_COMMA = YES;
				CLANG_WARN_CONSTANT_CONVERSION = YES;
				CLANG_WARN_DEPRECATED_OBJC_IMPLEMENTATIONS = YES;
				CLANG_WARN_DIRECT_OBJC_ISA_USAGE = YES_ERROR;
				CLANG_WARN_DOCUMENTATION_COMMENTS = YES;
				CLANG_WARN_EMPTY_BODY = YES;
				CLANG_WARN_ENUM_CONVERSION = YES;
				CLANG_WARN_INFINITE_RECURSION = YES;
				CLANG_WARN_INT_CONVERSION = YES;
				CLANG_WARN_NON_LITERAL_NULL_CONVERSION = YES;
				CLANG_WARN_OBJC_IMPLICIT_RETAIN_SELF = YES;
				CLANG_WARN_OBJC_LITERAL_CONVERSION = YES;
				CLANG_WARN_OBJC_ROOT_CLASS = YES_ERROR;
				CLANG_WARN_QUOTED_INCLUDE_IN_FRAMEWORK_HEADER = YES;
				CLANG_WARN_RANGE_LOOP_ANALYSIS = YES;
				CLANG_WARN_STRICT_PROTOTYPES = YES;
				CLANG_WARN_SUSPICIOUS_MOVE = YES;
				CLANG_WARN_UNGUARDED_AVAILABILITY = YES_AGGRESSIVE;
				CLANG_WARN_UNREACHABLE_CODE = YES;
				CLANG_WARN__DUPLICATE_METHOD_MATCH = YES;
				COPY_PHASE_STRIP = NO;
				DEBUG_INFORMATION_FORMAT = "dwarf-with-dsym";
				ENABLE_NS_ASSERTIONS = NO;
				ENABLE_STRICT_OBJC_MSGSEND = YES;
				GCC_C_LANGUAGE_STANDARD = gnu11;
				GCC_NO_COMMON_BLOCKS = YES;
				GCC_WARN_64_TO_32_BIT_CONVERSION = YES;
				GCC_WARN_ABOUT_RETURN_TYPE = YES_ERROR;
				GCC_WARN_UNDECLARED_SELECTOR = YES;
				GCC_WARN_UNINITIALIZED_AUTOS = YES_AGGRESSIVE;
				GCC_WARN_UNUSED_FUNCTION = YES;
				GCC_WARN_UNUSED_VARIABLE = YES;
				IPHONEOS_DEPLOYMENT_TARGET = 15.0;
				MTL_ENABLE_DEBUG_INFO = NO;
				MTL_FAST_MATH = YES;
				SDKROOT = iphoneos;
				SWIFT_COMPILATION_MODE = wholemodule;
				SWIFT_OPTIMIZATION_LEVEL = "-O";
				VALIDATE_PRODUCT = YES;
			};
			name = Release;
		};
		C356E0E6274A4BAC00923566 /* Debug */ = {
			isa = XCBuildConfiguration;
			buildSettings = {
				ASSETCATALOG_COMPILER_APPICON_NAME = AppIcon;
				ASSETCATALOG_COMPILER_GLOBAL_ACCENT_COLOR_NAME = AccentColor;
				CODE_SIGN_STYLE = Automatic;
				CURRENT_PROJECT_VERSION = 1;
				DEVELOPMENT_TEAM = 3YD9ZKNG2N;
				GENERATE_INFOPLIST_FILE = YES;
				INFOPLIST_FILE = TourismPlace/Info.plist;
				INFOPLIST_KEY_UIApplicationSupportsIndirectInputEvents = YES;
				INFOPLIST_KEY_UILaunchStoryboardName = LaunchScreen;
				INFOPLIST_KEY_UIMainStoryboardFile = Main;
				INFOPLIST_KEY_UISupportedInterfaceOrientations_iPad = "UIInterfaceOrientationPortrait UIInterfaceOrientationPortraitUpsideDown UIInterfaceOrientationLandscapeLeft UIInterfaceOrientationLandscapeRight";
				INFOPLIST_KEY_UISupportedInterfaceOrientations_iPhone = "UIInterfaceOrientationPortrait UIInterfaceOrientationLandscapeLeft UIInterfaceOrientationLandscapeRight";
				LD_RUNPATH_SEARCH_PATHS = (
					"$(inherited)",
					"@executable_path/Frameworks",
				);
				MARKETING_VERSION = 1.0;
				PRODUCT_BUNDLE_IDENTIFIER = com.google.TourismPlace;
				PRODUCT_NAME = "$(TARGET_NAME)";
				SWIFT_EMIT_LOC_STRINGS = YES;
				SWIFT_VERSION = 5.0;
				TARGETED_DEVICE_FAMILY = "1,2";
			};
			name = Debug;
		};
		C356E0E7274A4BAC00923566 /* Release */ = {
			isa = XCBuildConfiguration;
			buildSettings = {
				ASSETCATALOG_COMPILER_APPICON_NAME = AppIcon;
				ASSETCATALOG_COMPILER_GLOBAL_ACCENT_COLOR_NAME = AccentColor;
				CODE_SIGN_STYLE = Automatic;
				CURRENT_PROJECT_VERSION = 1;
				DEVELOPMENT_TEAM = 3YD9ZKNG2N;
				GENERATE_INFOPLIST_FILE = YES;
				INFOPLIST_FILE = TourismPlace/Info.plist;
				INFOPLIST_KEY_UIApplicationSupportsIndirectInputEvents = YES;
				INFOPLIST_KEY_UILaunchStoryboardName = LaunchScreen;
				INFOPLIST_KEY_UIMainStoryboardFile = Main;
				INFOPLIST_KEY_UISupportedInterfaceOrientations_iPad = "UIInterfaceOrientationPortrait UIInterfaceOrientationPortraitUpsideDown UIInterfaceOrientationLandscapeLeft UIInterfaceOrientationLandscapeRight";
				INFOPLIST_KEY_UISupportedInterfaceOrientations_iPhone = "UIInterfaceOrientationPortrait UIInterfaceOrientationLandscapeLeft UIInterfaceOrientationLandscapeRight";
				LD_RUNPATH_SEARCH_PATHS = (
					"$(inherited)",
					"@executable_path/Frameworks",
				);
				MARKETING_VERSION = 1.0;
				PRODUCT_BUNDLE_IDENTIFIER = com.google.TourismPlace;
				PRODUCT_NAME = "$(TARGET_NAME)";
				SWIFT_EMIT_LOC_STRINGS = YES;
				SWIFT_VERSION = 5.0;
				TARGETED_DEVICE_FAMILY = "1,2";
			};
			name = Release;
		};
/* End XCBuildConfiguration section */

/* Begin XCConfigurationList section */
		C356E0C9274A4BA800923566 /* Build configuration list for PBXProject "TourismPlace" */ = {
			isa = XCConfigurationList;
			buildConfigurations = (
				C356E0E3274A4BAC00923566 /* Debug */,
				C356E0E4274A4BAC00923566 /* Release */,
			);
			defaultConfigurationIsVisible = 0;
			defaultConfigurationName = Release;
		};
		C356E0E5274A4BAC00923566 /* Build configuration list for PBXNativeTarget "TourismPlace" */ = {
			isa = XCConfigurationList;
			buildConfigurations = (
				C356E0E6274A4BAC00923566 /* Debug */,
				C356E0E7274A4BAC00923566 /* Release */,
			);
			defaultConfigurationIsVisible = 0;
			defaultConfigurationName = Release;
		};
/* End XCConfigurationList section */

/* Begin XCVersionGroup section */
		C356E0DA274A4BA800923566 /* TourismPlace.xcdatamodeld */ = {
			isa = XCVersionGroup;
			children = (
				C356E0DB274A4BA800923566 /* TourismPlace.xcdatamodel */,
			);
			currentVersion = C356E0DB274A4BA800923566 /* TourismPlace.xcdatamodel */;
			path = TourismPlace.xcdatamodeld;
			sourceTree = "<group>";
			versionGroupType = wrapper.xcdatamodel;
		};
/* End XCVersionGroup section */
	};
	rootObject = C356E0C6274A4BA800923566 /* Project object */;
}
